// !$*UTF8*$!
{
	archiveVersion = 1;
	classes = {
	};
	objectVersion = 50;
	objects = {

/* Begin PBXBuildFile section */
		650A0C0A2484DC1C008B8CDF /* AppDelegate.swift in Sources */ = {isa = PBXBuildFile; fileRef = 650A0C092484DC1C008B8CDF /* AppDelegate.swift */; };
		650A0C0C2484DC1C008B8CDF /* SceneDelegate.swift in Sources */ = {isa = PBXBuildFile; fileRef = 650A0C0B2484DC1C008B8CDF /* SceneDelegate.swift */; };
		650A0C0E2484DC1C008B8CDF /* ViewController.swift in Sources */ = {isa = PBXBuildFile; fileRef = 650A0C0D2484DC1C008B8CDF /* ViewController.swift */; };
		650A0C112484DC1C008B8CDF /* Main.storyboard in Resources */ = {isa = PBXBuildFile; fileRef = 650A0C0F2484DC1C008B8CDF /* Main.storyboard */; };
		650A0C132484DC25008B8CDF /* Assets.xcassets in Resources */ = {isa = PBXBuildFile; fileRef = 650A0C122484DC25008B8CDF /* Assets.xcassets */; };
		650A0C162484DC25008B8CDF /* LaunchScreen.storyboard in Resources */ = {isa = PBXBuildFile; fileRef = 650A0C142484DC25008B8CDF /* LaunchScreen.storyboard */; };
/* End PBXBuildFile section */

/* Begin PBXFileReference section */
		650A0C062484DC1C008B8CDF /* RSSリーダーアプリ.app */ = {isa = PBXFileReference; explicitFileType = wrapper.application; includeInIndex = 0; path = "RSSリーダーアプリ.app"; sourceTree = BUILT_PRODUCTS_DIR; };
		650A0C092484DC1C008B8CDF /* AppDelegate.swift */ = {isa = PBXFileReference; lastKnownFileType = sourcecode.swift; path = AppDelegate.swift; sourceTree = "<group>"; };
		650A0C0B2484DC1C008B8CDF /* SceneDelegate.swift */ = {isa = PBXFileReference; lastKnownFileType = sourcecode.swift; path = SceneDelegate.swift; sourceTree = "<group>"; };
		650A0C0D2484DC1C008B8CDF /* ViewController.swift */ = {isa = PBXFileReference; lastKnownFileType = sourcecode.swift; path = ViewController.swift; sourceTree = "<group>"; };
		650A0C102484DC1C008B8CDF /* Base */ = {isa = PBXFileReference; lastKnownFileType = file.storyboard; name = Base; path = Base.lproj/Main.storyboard; sourceTree = "<group>"; };
		650A0C122484DC25008B8CDF /* Assets.xcassets */ = {isa = PBXFileReference; lastKnownFileType = folder.assetcatalog; path = Assets.xcassets; sourceTree = "<group>"; };
		650A0C152484DC25008B8CDF /* Base */ = {isa = PBXFileReference; lastKnownFileType = file.storyboard; name = Base; path = Base.lproj/LaunchScreen.storyboard; sourceTree = "<group>"; };
		650A0C172484DC25008B8CDF /* Info.plist */ = {isa = PBXFileReference; lastKnownFileType = text.plist.xml; path = Info.plist; sourceTree = "<group>"; };
/* End PBXFileReference section */

/* Begin PBXFrameworksBuildPhase section */
		650A0C032484DC1C008B8CDF /* Frameworks */ = {
			isa = PBXFrameworksBuildPhase;
			buildActionMask = 2147483647;
			files = (
			);
			runOnlyForDeploymentPostprocessing = 0;
		};
/* End PBXFrameworksBuildPhase section */

/* Begin PBXGroup section */
		650A0BFD2484DC1C008B8CDF = {
			isa = PBXGroup;
			children = (
				650A0C082484DC1C008B8CDF /* RSSリーダーアプリ */,
				650A0C072484DC1C008B8CDF /* Products */,
			);
			sourceTree = "<group>";
		};
		650A0C072484DC1C008B8CDF /* Products */ = {
			isa = PBXGroup;
			children = (
				650A0C062484DC1C008B8CDF /* RSSリーダーアプリ.app */,
			);
			name = Products;
			sourceTree = "<group>";
		};
		650A0C082484DC1C008B8CDF /* RSSリーダーアプリ */ = {
			isa = PBXGroup;
			children = (
				650A0C092484DC1C008B8CDF /* AppDelegate.swift */,
				650A0C0B2484DC1C008B8CDF /* SceneDelegate.swift */,
				650A0C0D2484DC1C008B8CDF /* ViewController.swift */,
				650A0C0F2484DC1C008B8CDF /* Main.storyboard */,
				650A0C122484DC25008B8CDF /* Assets.xcassets */,
				650A0C142484DC25008B8CDF /* LaunchScreen.storyboard */,
				650A0C172484DC25008B8CDF /* Info.plist */,
			);
			path = "RSSリーダーアプリ";
			sourceTree = "<group>";
		};
/* End PBXGroup section */

/* Begin PBXNativeTarget section */
		650A0C052484DC1C008B8CDF /* RSSリーダーアプリ */ = {
			isa = PBXNativeTarget;
			buildConfigurationList = 650A0C1A2484DC25008B8CDF /* Build configuration list for PBXNativeTarget "RSSリーダーアプリ" */;
			buildPhases = (
				650A0C022484DC1C008B8CDF /* Sources */,
				650A0C032484DC1C008B8CDF /* Frameworks */,
				650A0C042484DC1C008B8CDF /* Resources */,
			);
			buildRules = (
			);
			dependencies = (
			);
			name = "RSSリーダーアプリ";
			productName = "RSSリーダーアプリ";
			productReference = 650A0C062484DC1C008B8CDF /* RSSリーダーアプリ.app */;
			productType = "com.apple.product-type.application";
		};
/* End PBXNativeTarget section */

/* Begin PBXProject section */
		650A0BFE2484DC1C008B8CDF /* Project object */ = {
			isa = PBXProject;
			attributes = {
				LastSwiftUpdateCheck = 1140;
				LastUpgradeCheck = 1140;
				ORGANIZATIONNAME = "kawada-y";
				TargetAttributes = {
					650A0C052484DC1C008B8CDF = {
						CreatedOnToolsVersion = 11.4.1;
					};
				};
			};
			buildConfigurationList = 650A0C012484DC1C008B8CDF /* Build configuration list for PBXProject "RSSリーダーアプリ" */;
			compatibilityVersion = "Xcode 9.3";
			developmentRegion = en;
			hasScannedForEncodings = 0;
			knownRegions = (
				en,
				Base,
			);
			mainGroup = 650A0BFD2484DC1C008B8CDF;
			productRefGroup = 650A0C072484DC1C008B8CDF /* Products */;
			projectDirPath = "";
			projectRoot = "";
			targets = (
				650A0C052484DC1C008B8CDF /* RSSリーダーアプリ */,
			);
		};
/* End PBXProject section */

/* Begin PBXResourcesBuildPhase section */
		650A0C042484DC1C008B8CDF /* Resources */ = {
			isa = PBXResourcesBuildPhase;
			buildActionMask = 2147483647;
			files = (
				650A0C162484DC25008B8CDF /* LaunchScreen.storyboard in Resources */,
				650A0C132484DC25008B8CDF /* Assets.xcassets in Resources */,
				650A0C112484DC1C008B8CDF /* Main.storyboard in Resources */,
			);
			runOnlyForDeploymentPostprocessing = 0;
		};
/* End PBXResourcesBuildPhase section */

/* Begin PBXSourcesBuildPhase section */
		650A0C022484DC1C008B8CDF /* Sources */ = {
			isa = PBXSourcesBuildPhase;
			buildActionMask = 2147483647;
			files = (
				650A0C0E2484DC1C008B8CDF /* ViewController.swift in Sources */,
				650A0C0A2484DC1C008B8CDF /* AppDelegate.swift in Sources */,
				650A0C0C2484DC1C008B8CDF /* SceneDelegate.swift in Sources */,
			);
			runOnlyForDeploymentPostprocessing = 0;
		};
/* End PBXSourcesBuildPhase section */

/* Begin PBXVariantGroup section */
		650A0C0F2484DC1C008B8CDF /* Main.storyboard */ = {
			isa = PBXVariantGroup;
			children = (
				650A0C102484DC1C008B8CDF /* Base */,
			);
			name = Main.storyboard;
			sourceTree = "<group>";
		};
		650A0C142484DC25008B8CDF /* LaunchScreen.storyboard */ = {
			isa = PBXVariantGroup;
			children = (
				650A0C152484DC25008B8CDF /* Base */,
			);
			name = LaunchScreen.storyboard;
			sourceTree = "<group>";
		};
/* End PBXVariantGroup section */

/* Begin XCBuildConfiguration section */
		650A0C182484DC25008B8CDF /* Debug */ = {
			isa = XCBuildConfiguration;
			buildSettings = {
				ALWAYS_SEARCH_USER_PATHS = NO;
				CLANG_ANALYZER_NONNULL = YES;
				CLANG_ANALYZER_NUMBER_OBJECT_CONVERSION = YES_AGGRESSIVE;
				CLANG_CXX_LANGUAGE_STANDARD = "gnu++14";
				CLANG_CXX_LIBRARY = "libc++";
				CLANG_ENABLE_MODULES = YES;
				CLANG_ENABLE_OBJC_ARC = YES;
				CLANG_ENABLE_OBJC_WEAK = YES;
				CLANG_WARN_BLOCK_CAPTURE_AUTORELEASING = YES;
				CLANG_WARN_BOOL_CONVERSION = YES;
				CLANG_WARN_COMMA = YES;
				CLANG_WARN_CONSTANT_CONVERSION = YES;
				CLANG_WARN_DEPRECATED_OBJC_IMPLEMENTATIONS = YES;
				CLANG_WARN_DIRECT_OBJC_ISA_USAGE = YES_ERROR;
				CLANG_WARN_DOCUMENTATION_COMMENTS = YES;
				CLANG_WARN_EMPTY_BODY = YES;
				CLANG_WARN_ENUM_CONVERSION = YES;
				CLANG_WARN_INFINITE_RECURSION = YES;
				CLANG_WARN_INT_CONVERSION = YES;
				CLANG_WARN_NON_LITERAL_NULL_CONVERSION = YES;
				CLANG_WARN_OBJC_IMPLICIT_RETAIN_SELF = YES;
				CLANG_WARN_OBJC_LITERAL_CONVERSION = YES;
				CLANG_WARN_OBJC_ROOT_CLASS = YES_ERROR;
				CLANG_WARN_RANGE_LOOP_ANALYSIS = YES;
				CLANG_WARN_STRICT_PROTOTYPES = YES;
				CLANG_WARN_SUSPICIOUS_MOVE = YES;
				CLANG_WARN_UNGUARDED_AVAILABILITY = YES_AGGRESSIVE;
				CLANG_WARN_UNREACHABLE_CODE = YES;
				CLANG_WARN__DUPLICATE_METHOD_MATCH = YES;
				COPY_PHASE_STRIP = NO;
				DEBUG_INFORMATION_FORMAT = dwarf;
				ENABLE_STRICT_OBJC_MSGSEND = YES;
				ENABLE_TESTABILITY = YES;
				GCC_C_LANGUAGE_STANDARD = gnu11;
				GCC_DYNAMIC_NO_PIC = NO;
				GCC_NO_COMMON_BLOCKS = YES;
				GCC_OPTIMIZATION_LEVEL = 0;
				GCC_PREPROCESSOR_DEFINITIONS = (
					"DEBUG=1",
					"$(inherited)",
				);
				GCC_WARN_64_TO_32_BIT_CONVERSION = YES;
				GCC_WARN_ABOUT_RETURN_TYPE = YES_ERROR;
				GCC_WARN_UNDECLARED_SELECTOR = YES;
				GCC_WARN_UNINITIALIZED_AUTOS = YES_AGGRESSIVE;
				GCC_WARN_UNUSED_FUNCTION = YES;
				GCC_WARN_UNUSED_VARIABLE = YES;
				IPHONEOS_DEPLOYMENT_TARGET = 13.4;
				MTL_ENABLE_DEBUG_INFO = INCLUDE_SOURCE;
				MTL_FAST_MATH = YES;
				ONLY_ACTIVE_ARCH = YES;
				SDKROOT = iphoneos;
				SWIFT_ACTIVE_COMPILATION_CONDITIONS = DEBUG;
				SWIFT_OPTIMIZATION_LEVEL = "-Onone";
			};
			name = Debug;
		};
		650A0C192484DC25008B8CDF /* Release */ = {
			isa = XCBuildConfiguration;
			buildSettings = {
				ALWAYS_SEARCH_USER_PATHS = NO;
				CLANG_ANALYZER_NONNULL = YES;
				CLANG_ANALYZER_NUMBER_OBJECT_CONVERSION = YES_AGGRESSIVE;
				CLANG_CXX_LANGUAGE_STANDARD = "gnu++14";
				CLANG_CXX_LIBRARY = "libc++";
				CLANG_ENABLE_MODULES = YES;
				CLANG_ENABLE_OBJC_ARC = YES;
				CLANG_ENABLE_OBJC_WEAK = YES;
				CLANG_WARN_BLOCK_CAPTURE_AUTORELEASING = YES;
				CLANG_WARN_BOOL_CONVERSION = YES;
				CLANG_WARN_COMMA = YES;
				CLANG_WARN_CONSTANT_CONVERSION = YES;
				CLANG_WARN_DEPRECATED_OBJC_IMPLEMENTATIONS = YES;
				CLANG_WARN_DIRECT_OBJC_ISA_USAGE = YES_ERROR;
				CLANG_WARN_DOCUMENTATION_COMMENTS = YES;
				CLANG_WARN_EMPTY_BODY = YES;
				CLANG_WARN_ENUM_CONVERSION = YES;
				CLANG_WARN_INFINITE_RECURSION = YES;
				CLANG_WARN_INT_CONVERSION = YES;
				CLANG_WARN_NON_LITERAL_NULL_CONVERSION = YES;
				CLANG_WARN_OBJC_IMPLICIT_RETAIN_SELF = YES;
				CLANG_WARN_OBJC_LITERAL_CONVERSION = YES;
				CLANG_WARN_OBJC_ROOT_CLASS = YES_ERROR;
				CLANG_WARN_RANGE_LOOP_ANALYSIS = YES;
				CLANG_WARN_STRICT_PROTOTYPES = YES;
				CLANG_WARN_SUSPICIOUS_MOVE = YES;
				CLANG_WARN_UNGUARDED_AVAILABILITY = YES_AGGRESSIVE;
				CLANG_WARN_UNREACHABLE_CODE = YES;
				CLANG_WARN__DUPLICATE_METHOD_MATCH = YES;
				COPY_PHASE_STRIP = NO;
				DEBUG_INFORMATION_FORMAT = "dwarf-with-dsym";
				ENABLE_NS_ASSERTIONS = NO;
				ENABLE_STRICT_OBJC_MSGSEND = YES;
				GCC_C_LANGUAGE_STANDARD = gnu11;
				GCC_NO_COMMON_BLOCKS = YES;
				GCC_WARN_64_TO_32_BIT_CONVERSION = YES;
				GCC_WARN_ABOUT_RETURN_TYPE = YES_ERROR;
				GCC_WARN_UNDECLARED_SELECTOR = YES;
				GCC_WARN_UNINITIALIZED_AUTOS = YES_AGGRESSIVE;
				GCC_WARN_UNUSED_FUNCTION = YES;
				GCC_WARN_UNUSED_VARIABLE = YES;
				IPHONEOS_DEPLOYMENT_TARGET = 13.4;
				MTL_ENABLE_DEBUG_INFO = NO;
				MTL_FAST_MATH = YES;
				SDKROOT = iphoneos;
				SWIFT_COMPILATION_MODE = wholemodule;
				SWIFT_OPTIMIZATION_LEVEL = "-O";
				VALIDATE_PRODUCT = YES;
			};
			name = Release;
		};
		650A0C1B2484DC25008B8CDF /* Debug */ = {
			isa = XCBuildConfiguration;
			buildSettings = {
				ASSETCATALOG_COMPILER_APPICON_NAME = AppIcon;
				CODE_SIGN_STYLE = Automatic;
				INFOPLIST_FILE = "RSSリーダーアプリ/Info.plist";
				LD_RUNPATH_SEARCH_PATHS = (
					"$(inherited)",
					"@executable_path/Frameworks",
				);
				PRODUCT_BUNDLE_IDENTIFIER = "jp.co.illmatics.kawada-y.RSS---------";
				PRODUCT_NAME = "$(TARGET_NAME)";
				SWIFT_VERSION = 5.0;
				TARGETED_DEVICE_FAMILY = "1,2";
			};
			name = Debug;
		};
		650A0C1C2484DC25008B8CDF /* Release */ = {
			isa = XCBuildConfiguration;
			buildSettings = {
				ASSETCATALOG_COMPILER_APPICON_NAME = AppIcon;
				CODE_SIGN_STYLE = Automatic;
				INFOPLIST_FILE = "RSSリーダーアプリ/Info.plist";
				LD_RUNPATH_SEARCH_PATHS = (
					"$(inherited)",
					"@executable_path/Frameworks",
				);
				PRODUCT_BUNDLE_IDENTIFIER = "jp.co.illmatics.kawada-y.RSS---------";
				PRODUCT_NAME = "$(TARGET_NAME)";
				SWIFT_VERSION = 5.0;
				TARGETED_DEVICE_FAMILY = "1,2";
			};
			name = Release;
		};
/* End XCBuildConfiguration section */

/* Begin XCConfigurationList section */
		650A0C012484DC1C008B8CDF /* Build configuration list for PBXProject "RSSリーダーアプリ" */ = {
			isa = XCConfigurationList;
			buildConfigurations = (
				650A0C182484DC25008B8CDF /* Debug */,
				650A0C192484DC25008B8CDF /* Release */,
			);
			defaultConfigurationIsVisible = 0;
			defaultConfigurationName = Release;
		};
		650A0C1A2484DC25008B8CDF /* Build configuration list for PBXNativeTarget "RSSリーダーアプリ" */ = {
			isa = XCConfigurationList;
			buildConfigurations = (
				650A0C1B2484DC25008B8CDF /* Debug */,
				650A0C1C2484DC25008B8CDF /* Release */,
			);
			defaultConfigurationIsVisible = 0;
			defaultConfigurationName = Release;
		};
/* End XCConfigurationList section */
	};
	rootObject = 650A0BFE2484DC1C008B8CDF /* Project object */;
}
